
Microsoft Visual Studio Solution File, Format Version 12.00
# Visual Studio Version 17
VisualStudioVersion = 17.7.34031.279
MinimumVisualStudioVersion = 10.0.40219.1
Project("{FAE04EC0-301F-11D3-BF4B-00C04F79EFBC}") = "Assignment-2", "Assignment-2.csproj", "{04065885-D433-4901-A83F-FC1947E7FF40}"
EndProject
Global
	GlobalSection(SolutionConfigurationPlatforms) = preSolution
		Debug|Any CPU = Debug|Any CPU
		Release|Any CPU = Release|Any CPU
	EndGlobalSection
	GlobalSection(ProjectConfigurationPlatforms) = postSolution
		{04065885-D433-4901-A83F-FC1947E7FF40}.Debug|Any CPU.ActiveCfg = Debug|Any CPU
		{04065885-D433-4901-A83F-FC1947E7FF40}.Debug|Any CPU.Build.0 = Debug|Any CPU
		{04065885-D433-4901-A83F-FC1947E7FF40}.Release|Any CPU.ActiveCfg = Release|Any CPU
		{04065885-D433-4901-A83F-FC1947E7FF40}.Release|Any CPU.Build.0 = Release|Any CPU
	EndGlobalSection
	GlobalSection(SolutionProperties) = preSolution
		HideSolutionNode = FALSE
	EndGlobalSection
	GlobalSection(ExtensibilityGlobals) = postSolution
		SolutionGuid = {503AB246-245B-4751-80F7-7028CDBE655B}
	EndGlobalSection
EndGlobal
